<?xml version="1.0" encoding="utf-8"?>
<Project ToolsVersion="4.0" xmlns="http://schemas.microsoft.com/developer/msbuild/2003">
  <ItemGroup>
    <Filter Include="Form Files">
      <UniqueIdentifier>{99349809-55BA-4b9d-BF79-8FDBB0286EB3}</UniqueIdentifier>
      <Extensions>ui</Extensions>
      <ParseFiles>false</ParseFiles>
    </Filter>
    <Filter Include="Form Files">
      <UniqueIdentifier>{99349809-55BA-4b9d-BF79-8FDBB0286EB3}</UniqueIdentifier>
      <Extensions>ui</Extensions>
      <ParseFiles>false</ParseFiles>
    </Filter>
    <Filter Include="Generated Files">
      <UniqueIdentifier>{71ED8ED8-ACB9-4CE9-BBE1-E00B30144E11}</UniqueIdentifier>
      <Extensions>cpp;c;cxx;moc;h;def;odl;idl;res;</Extensions>
    </Filter>
    <Filter Include="Generated Files">
      <UniqueIdentifier>{71ED8ED8-ACB9-4CE9-BBE1-E00B30144E11}</UniqueIdentifier>
      <Extensions>cpp;c;cxx;moc;h;def;odl;idl;res;</Extensions>
    </Filter>
    <Filter Include="Header Files">
      <UniqueIdentifier>{93995380-89BD-4b04-88EB-625FBE52EBFB}</UniqueIdentifier>
      <Extensions>h;hpp;hxx;hm;inl;inc;xsd</Extensions>
    </Filter>
    <Filter Include="Header Files">
      <UniqueIdentifier>{93995380-89BD-4b04-88EB-625FBE52EBFB}</UniqueIdentifier>
      <Extensions>h;hpp;hxx;hm;inl;inc;xsd</Extensions>
    </Filter>
    <Filter Include="Resource Files">
      <UniqueIdentifier>{D9D6E242-F8AF-46E4-B9FD-80ECBC20BA3E}</UniqueIdentifier>
      <Extensions>qrc;*</Extensions>
      <ParseFiles>false</ParseFiles>
    </Filter>
    <Filter Include="Resource Files">
      <UniqueIdentifier>{D9D6E242-F8AF-46E4-B9FD-80ECBC20BA3E}</UniqueIdentifier>
      <Extensions>qrc;*</Extensions>
      <ParseFiles>false</ParseFiles>
    </Filter>
    <Filter Include="Source Files">
      <UniqueIdentifier>{4FC737F1-C7A5-4376-A066-2A32D752A2FF}</UniqueIdentifier>
      <Extensions>cpp;c;cxx;def;odl;idl;hpj;bat;asm;asmx</Extensions>
    </Filter>
    <Filter Include="Source Files">
      <UniqueIdentifier>{4FC737F1-C7A5-4376-A066-2A32D752A2FF}</UniqueIdentifier>
      <Extensions>cpp;c;cxx;def;odl;idl;hpj;bat;asm;asmx</Extensions>
    </Filter>
    <Filter Include="Distribution Files">
      <UniqueIdentifier>{B83CAF91-C7BF-462F-B76C-EA11631F866C}</UniqueIdentifier>
      <Extensions>*</Extensions>
      <ParseFiles>false</ParseFiles>
    </Filter>
    <Filter Include="Distribution Files">
      <UniqueIdentifier>{B83CAF91-C7BF-462F-B76C-EA11631F866C}</UniqueIdentifier>
      <Extensions>*</Extensions>
      <ParseFiles>false</ParseFiles>
    </Filter>
    <Filter Include="Generated Files\Debug">
      <UniqueIdentifier>{22d31fd1-d43f-4645-95c8-8974b71f13cb}</UniqueIdentifier>
      <Extensions>cpp;moc</Extensions>
      <SourceControlFiles>False</SourceControlFiles>
    </Filter>
    <Filter Include="Generated Files\Release">
      <UniqueIdentifier>{677f7fdd-69d6-4ac0-9950-5df9eb85976a}</UniqueIdentifier>
      <Extensions>cpp;moc</Extensions>
      <SourceControlFiles>False</SourceControlFiles>
    </Filter>
  </ItemGroup>
  <ItemGroup>
    <ClCompile Include="dialogs\aboutdialog.cpp">
      <Filter>Source Files</Filter>
    </ClCompile>
    <ClCompile Include="analthread.cpp">
      <Filter>Source Files</Filter>
    </ClCompile>
    <ClCompile Include="widgets\codegraphic.cpp">
      <Filter>Source Files</Filter>
    </ClCompile>
    <ClCompile Include="dialogs\commentsdialog.cpp">
      <Filter>Source Files</Filter>
    </ClCompile>
    <ClCompile Include="widgets\commentswidget.cpp">
      <Filter>Source Files</Filter>
    </ClCompile>
    <ClCompile Include="widgets\consolewidget.cpp">
      <Filter>Source Files</Filter>
    </ClCompile>
    <ClCompile Include="createnewdialog.cpp">
      <Filter>Source Files</Filter>
    </ClCompile>
    <ClCompile Include="widgets\dashboard.cpp">
      <Filter>Source Files</Filter>
    </ClCompile>
    <ClCompile Include="widgets\entrypointwidget.cpp">
      <Filter>Source Files</Filter>
    </ClCompile>
    <ClCompile Include="widgets\exportswidget.cpp">
      <Filter>Source Files</Filter>
    </ClCompile>
    <ClCompile Include="dialogs\flagdialog.cpp">
      <Filter>Source Files</Filter>
    </ClCompile>
    <ClCompile Include="widgets\flagswidget.cpp">
      <Filter>Source Files</Filter>
    </ClCompile>
    <ClCompile Include="widgets\functionswidget.cpp">
      <Filter>Source Files</Filter>
    </ClCompile>
    <ClCompile Include="helpers.cpp">
      <Filter>Source Files</Filter>
    </ClCompile>
    <ClCompile Include="hexascii_highlighter.cpp">
      <Filter>Source Files</Filter>
    </ClCompile>
    <ClCompile Include="hexhighlighter.cpp">
      <Filter>Source Files</Filter>
    </ClCompile>
    <ClCompile Include="highlighter.cpp">
      <Filter>Source Files</Filter>
    </ClCompile>
    <ClCompile Include="widgets\importswidget.cpp">
      <Filter>Source Files</Filter>
    </ClCompile>
    <ClCompile Include="main.cpp">
      <Filter>Source Files</Filter>
    </ClCompile>
    <ClCompile Include="mainwindow.cpp">
      <Filter>Source Files</Filter>
    </ClCompile>
    <ClCompile Include="mdhighlighter.cpp">
      <Filter>Source Files</Filter>
    </ClCompile>
    <ClCompile Include="widgets\memorywidget.cpp">
      <Filter>Source Files</Filter>
    </ClCompile>
    <ClCompile Include="newfiledialog.cpp">
      <Filter>Source Files</Filter>
    </ClCompile>
    <ClCompile Include="widgets\notepad.cpp">
      <Filter>Source Files</Filter>
    </ClCompile>
    <ClCompile Include="widgets\omnibar.cpp">
      <Filter>Source Files</Filter>
    </ClCompile>
    <ClCompile Include="optionsdialog.cpp">
      <Filter>Source Files</Filter>
    </ClCompile>
    <ClCompile Include="widgets\pieview.cpp">
      <Filter>Source Files</Filter>
    </ClCompile>
    <ClCompile Include="qrcore.cpp">
      <Filter>Source Files</Filter>
    </ClCompile>
    <ClCompile Include="qrdisasm.cpp">
      <Filter>Source Files</Filter>
    </ClCompile>
    <ClCompile Include="radarewebserver.cpp">
      <Filter>Source Files</Filter>
    </ClCompile>
    <ClCompile Include="widgets\relocswidget.cpp">
      <Filter>Source Files</Filter>
    </ClCompile>
    <ClCompile Include="dialogs\renamedialog.cpp">
      <Filter>Source Files</Filter>
    </ClCompile>
    <ClCompile Include="widgets\sdbdock.cpp">
      <Filter>Source Files</Filter>
    </ClCompile>
    <ClCompile Include="widgets\sectionsdock.cpp">
      <Filter>Source Files</Filter>
    </ClCompile>
    <ClCompile Include="widgets\sectionswidget.cpp">
      <Filter>Source Files</Filter>
    </ClCompile>
    <ClCompile Include="widgets\sidebar.cpp">
      <Filter>Source Files</Filter>
    </ClCompile>
    <ClCompile Include="widgets\stringswidget.cpp">
      <Filter>Source Files</Filter>
    </ClCompile>
    <ClCompile Include="widgets\symbolswidget.cpp">
      <Filter>Source Files</Filter>
    </ClCompile>
    <ClCompile Include="dialogs\xrefsdialog.cpp">
      <Filter>Source Files</Filter>
    </ClCompile>
    <ClCompile Include="Debug\moc_memorywidget.cpp">
      <Filter>Generated Files\Debug</Filter>
    </ClCompile>
    <ClCompile Include="Release\moc_memorywidget.cpp">
      <Filter>Generated Files\Release</Filter>
    </ClCompile>
    <ClCompile Include="Debug\moc_mdhighlighter.cpp">
      <Filter>Generated Files\Debug</Filter>
    </ClCompile>
    <ClCompile Include="Release\moc_mdhighlighter.cpp">
      <Filter>Generated Files\Release</Filter>
    </ClCompile>
    <ClCompile Include="Debug\moc_mainwindow.cpp">
      <Filter>Generated Files\Debug</Filter>
    </ClCompile>
    <ClCompile Include="Release\moc_mainwindow.cpp">
      <Filter>Generated Files\Release</Filter>
    </ClCompile>
    <ClCompile Include="Debug\moc_importswidget.cpp">
      <Filter>Generated Files\Debug</Filter>
    </ClCompile>
    <ClCompile Include="Release\moc_importswidget.cpp">
      <Filter>Generated Files\Release</Filter>
    </ClCompile>
    <ClCompile Include="Debug\moc_iaitorcore.cpp">
      <Filter>Generated Files\Debug</Filter>
    </ClCompile>
    <ClCompile Include="Release\moc_iaitorcore.cpp">
      <Filter>Generated Files\Release</Filter>
    </ClCompile>
    <ClCompile Include="Debug\moc_highlighter.cpp">
      <Filter>Generated Files\Debug</Filter>
    </ClCompile>
    <ClCompile Include="Release\moc_highlighter.cpp">
      <Filter>Generated Files\Release</Filter>
    </ClCompile>
    <ClCompile Include="Debug\moc_hexhighlighter.cpp">
      <Filter>Generated Files\Debug</Filter>
    </ClCompile>
    <ClCompile Include="Release\moc_hexhighlighter.cpp">
      <Filter>Generated Files\Release</Filter>
    </ClCompile>
    <ClCompile Include="Debug\moc_hexascii_highlighter.cpp">
      <Filter>Generated Files\Debug</Filter>
    </ClCompile>
    <ClCompile Include="Release\moc_hexascii_highlighter.cpp">
      <Filter>Generated Files\Release</Filter>
    </ClCompile>
    <ClCompile Include="Debug\moc_functionswidget.cpp">
      <Filter>Generated Files\Debug</Filter>
    </ClCompile>
    <ClCompile Include="Release\moc_functionswidget.cpp">
      <Filter>Generated Files\Release</Filter>
    </ClCompile>
    <ClCompile Include="Debug\moc_flagswidget.cpp">
      <Filter>Generated Files\Debug</Filter>
    </ClCompile>
    <ClCompile Include="Release\moc_flagswidget.cpp">
      <Filter>Generated Files\Release</Filter>
    </ClCompile>
    <ClCompile Include="Debug\moc_flagdialog.cpp">
      <Filter>Generated Files\Debug</Filter>
    </ClCompile>
    <ClCompile Include="Release\moc_flagdialog.cpp">
      <Filter>Generated Files\Release</Filter>
    </ClCompile>
    <ClCompile Include="Debug\moc_exportswidget.cpp">
      <Filter>Generated Files\Debug</Filter>
    </ClCompile>
    <ClCompile Include="Release\moc_exportswidget.cpp">
      <Filter>Generated Files\Release</Filter>
    </ClCompile>
    <ClCompile Include="Debug\moc_entrypointwidget.cpp">
      <Filter>Generated Files\Debug</Filter>
    </ClCompile>
    <ClCompile Include="Release\moc_entrypointwidget.cpp">
      <Filter>Generated Files\Release</Filter>
    </ClCompile>
    <ClCompile Include="Debug\moc_dashboard.cpp">
      <Filter>Generated Files\Debug</Filter>
    </ClCompile>
    <ClCompile Include="Release\moc_dashboard.cpp">
      <Filter>Generated Files\Release</Filter>
    </ClCompile>
    <ClCompile Include="Debug\moc_createnewdialog.cpp">
      <Filter>Generated Files\Debug</Filter>
    </ClCompile>
    <ClCompile Include="Release\moc_createnewdialog.cpp">
      <Filter>Generated Files\Release</Filter>
    </ClCompile>
    <ClCompile Include="Debug\moc_consolewidget.cpp">
      <Filter>Generated Files\Debug</Filter>
    </ClCompile>
    <ClCompile Include="Release\moc_consolewidget.cpp">
      <Filter>Generated Files\Release</Filter>
    </ClCompile>
    <ClCompile Include="Debug\moc_commentswidget.cpp">
      <Filter>Generated Files\Debug</Filter>
    </ClCompile>
    <ClCompile Include="Release\moc_commentswidget.cpp">
      <Filter>Generated Files\Release</Filter>
    </ClCompile>
    <ClCompile Include="Debug\moc_commentsdialog.cpp">
      <Filter>Generated Files\Debug</Filter>
    </ClCompile>
    <ClCompile Include="Release\moc_commentsdialog.cpp">
      <Filter>Generated Files\Release</Filter>
    </ClCompile>
    <ClCompile Include="Debug\moc_codegraphic.cpp">
      <Filter>Generated Files\Debug</Filter>
    </ClCompile>
    <ClCompile Include="Release\moc_codegraphic.cpp">
      <Filter>Generated Files\Release</Filter>
    </ClCompile>
    <ClCompile Include="Debug\moc_analthread.cpp">
      <Filter>Generated Files\Debug</Filter>
    </ClCompile>
    <ClCompile Include="Release\moc_analthread.cpp">
      <Filter>Generated Files\Release</Filter>
    </ClCompile>
    <ClCompile Include="Debug\moc_aboutdialog.cpp">
      <Filter>Generated Files\Debug</Filter>
    </ClCompile>
    <ClCompile Include="Release\moc_aboutdialog.cpp">
      <Filter>Generated Files\Release</Filter>
    </ClCompile>
    <ClCompile Include="Debug\moc_xrefsdialog.cpp">
      <Filter>Generated Files\Debug</Filter>
    </ClCompile>
    <ClCompile Include="Release\moc_xrefsdialog.cpp">
      <Filter>Generated Files\Release</Filter>
    </ClCompile>
    <ClCompile Include="Debug\moc_symbolswidget.cpp">
      <Filter>Generated Files\Debug</Filter>
    </ClCompile>
    <ClCompile Include="Release\moc_symbolswidget.cpp">
      <Filter>Generated Files\Release</Filter>
    </ClCompile>
    <ClCompile Include="Debug\moc_stringswidget.cpp">
      <Filter>Generated Files\Debug</Filter>
    </ClCompile>
    <ClCompile Include="Release\moc_stringswidget.cpp">
      <Filter>Generated Files\Release</Filter>
    </ClCompile>
    <ClCompile Include="Debug\moc_sidebar.cpp">
      <Filter>Generated Files\Debug</Filter>
    </ClCompile>
    <ClCompile Include="Release\moc_sidebar.cpp">
      <Filter>Generated Files\Release</Filter>
    </ClCompile>
    <ClCompile Include="Debug\moc_sectionswidget.cpp">
      <Filter>Generated Files\Debug</Filter>
    </ClCompile>
    <ClCompile Include="Release\moc_sectionswidget.cpp">
      <Filter>Generated Files\Release</Filter>
    </ClCompile>
    <ClCompile Include="Debug\moc_sectionsdock.cpp">
      <Filter>Generated Files\Debug</Filter>
    </ClCompile>
    <ClCompile Include="Release\moc_sectionsdock.cpp">
      <Filter>Generated Files\Release</Filter>
    </ClCompile>
    <ClCompile Include="Debug\moc_sdbdock.cpp">
      <Filter>Generated Files\Debug</Filter>
    </ClCompile>
    <ClCompile Include="Release\moc_sdbdock.cpp">
      <Filter>Generated Files\Release</Filter>
    </ClCompile>
    <ClCompile Include="Debug\moc_renamedialog.cpp">
      <Filter>Generated Files\Debug</Filter>
    </ClCompile>
    <ClCompile Include="Release\moc_renamedialog.cpp">
      <Filter>Generated Files\Release</Filter>
    </ClCompile>
    <ClCompile Include="Debug\moc_relocswidget.cpp">
      <Filter>Generated Files\Debug</Filter>
    </ClCompile>
    <ClCompile Include="Release\moc_relocswidget.cpp">
      <Filter>Generated Files\Release</Filter>
    </ClCompile>
    <ClCompile Include="Debug\moc_pieview.cpp">
      <Filter>Generated Files\Debug</Filter>
    </ClCompile>
    <ClCompile Include="Release\moc_pieview.cpp">
      <Filter>Generated Files\Release</Filter>
    </ClCompile>
    <ClCompile Include="Debug\moc_optionsdialog.cpp">
      <Filter>Generated Files\Debug</Filter>
    </ClCompile>
    <ClCompile Include="Release\moc_optionsdialog.cpp">
      <Filter>Generated Files\Release</Filter>
    </ClCompile>
    <ClCompile Include="Debug\moc_omnibar.cpp">
      <Filter>Generated Files\Debug</Filter>
    </ClCompile>
    <ClCompile Include="Release\moc_omnibar.cpp">
      <Filter>Generated Files\Release</Filter>
    </ClCompile>
    <ClCompile Include="Debug\moc_notepad.cpp">
      <Filter>Generated Files\Debug</Filter>
    </ClCompile>
    <ClCompile Include="Release\moc_notepad.cpp">
      <Filter>Generated Files\Release</Filter>
    </ClCompile>
    <ClCompile Include="Debug\moc_newfiledialog.cpp">
      <Filter>Generated Files\Debug</Filter>
    </ClCompile>
    <ClCompile Include="Release\moc_newfiledialog.cpp">
      <Filter>Generated Files\Release</Filter>
    </ClCompile>
    <ClCompile Include="GeneratedFiles\qrc_resources.cpp">
      <Filter>Generated Files</Filter>
    </ClCompile>
  </ItemGroup>
  <ItemGroup>
    <CustomBuild Include="dialogs\aboutdialog.h">
      <Filter>Header Files</Filter>
    </CustomBuild>
    <CustomBuild Include="analthread.h">
      <Filter>Header Files</Filter>
    </CustomBuild>
    <CustomBuild Include="widgets\codegraphic.h">
      <Filter>Header Files</Filter>
    </CustomBuild>
    <CustomBuild Include="dialogs\commentsdialog.h">
      <Filter>Header Files</Filter>
    </CustomBuild>
    <CustomBuild Include="widgets\commentswidget.h">
      <Filter>Header Files</Filter>
    </CustomBuild>
    <CustomBuild Include="widgets\consolewidget.h">
      <Filter>Header Files</Filter>
    </CustomBuild>
    <CustomBuild Include="createnewdialog.h">
      <Filter>Header Files</Filter>
    </CustomBuild>
    <CustomBuild Include="widgets\dashboard.h">
      <Filter>Header Files</Filter>
    </CustomBuild>
    <ClInclude Include="widgets\dockwidget.h">
      <Filter>Header Files</Filter>
    </ClInclude>
    <CustomBuild Include="widgets\entrypointwidget.h">
      <Filter>Header Files</Filter>
    </CustomBuild>
    <CustomBuild Include="widgets\exportswidget.h">
      <Filter>Header Files</Filter>
    </CustomBuild>
    <CustomBuild Include="dialogs\flagdialog.h">
      <Filter>Header Files</Filter>
    </CustomBuild>
    <CustomBuild Include="widgets\flagswidget.h">
      <Filter>Header Files</Filter>
    </CustomBuild>
    <CustomBuild Include="widgets\functionswidget.h">
      <Filter>Header Files</Filter>
    </CustomBuild>
    <ClInclude Include="helpers.h">
      <Filter>Header Files</Filter>
    </ClInclude>
    <CustomBuild Include="hexascii_highlighter.h">
      <Filter>Header Files</Filter>
    </CustomBuild>
    <CustomBuild Include="hexhighlighter.h">
      <Filter>Header Files</Filter>
    </CustomBuild>
    <CustomBuild Include="highlighter.h">
      <Filter>Header Files</Filter>
    </CustomBuild>
    <CustomBuild Include="iaitorcore.h">
      <Filter>Header Files</Filter>
    </CustomBuild>
    <ClInclude Include="iaitordisasm.h">
      <Filter>Header Files</Filter>
    </ClInclude>
    <CustomBuild Include="widgets\importswidget.h">
      <Filter>Header Files</Filter>
    </CustomBuild>
    <CustomBuild Include="mainwindow.h">
      <Filter>Header Files</Filter>
    </CustomBuild>
    <CustomBuild Include="mdhighlighter.h">
      <Filter>Header Files</Filter>
    </CustomBuild>
    <CustomBuild Include="widgets\memorywidget.h">
      <Filter>Header Files</Filter>
    </CustomBuild>
    <CustomBuild Include="newfiledialog.h">
      <Filter>Header Files</Filter>
    </CustomBuild>
    <CustomBuild Include="widgets\notepad.h">
      <Filter>Header Files</Filter>
    </CustomBuild>
    <CustomBuild Include="widgets\omnibar.h">
      <Filter>Header Files</Filter>
    </CustomBuild>
    <CustomBuild Include="optionsdialog.h">
      <Filter>Header Files</Filter>
    </CustomBuild>
    <CustomBuild Include="widgets\pieview.h">
      <Filter>Header Files</Filter>
    </CustomBuild>
    <ClInclude Include="radarewebserver.h">
      <Filter>Header Files</Filter>
    </ClInclude>
    <CustomBuild Include="widgets\relocswidget.h">
      <Filter>Header Files</Filter>
    </CustomBuild>
    <CustomBuild Include="dialogs\renamedialog.h">
      <Filter>Header Files</Filter>
    </CustomBuild>
    <CustomBuild Include="widgets\sdbdock.h">
      <Filter>Header Files</Filter>
    </CustomBuild>
    <CustomBuild Include="widgets\sectionsdock.h">
      <Filter>Header Files</Filter>
    </CustomBuild>
    <CustomBuild Include="widgets\sectionswidget.h">
      <Filter>Header Files</Filter>
    </CustomBuild>
    <ClInclude Include="settings.h">
      <Filter>Header Files</Filter>
    </ClInclude>
    <CustomBuild Include="widgets\sidebar.h">
      <Filter>Header Files</Filter>
    </CustomBuild>
    <CustomBuild Include="widgets\stringswidget.h">
      <Filter>Header Files</Filter>
    </CustomBuild>
    <CustomBuild Include="widgets\symbolswidget.h">
      <Filter>Header Files</Filter>
    </CustomBuild>
    <CustomBuild Include="dialogs\xrefsdialog.h">
      <Filter>Header Files</Filter>
    </CustomBuild>
  </ItemGroup>
  <ItemGroup>
    <CustomBuild Include="debug\moc_predefs.h.cbt">
      <Filter>Generated Files</Filter>
    </CustomBuild>
    <CustomBuild Include="release\moc_predefs.h.cbt">
      <Filter>Generated Files</Filter>
    </CustomBuild>
  </ItemGroup>
  <ItemGroup>
    <CustomBuild Include="dialogs\aboutdialog.ui">
      <Filter>Form Files</Filter>
    </CustomBuild>
    <CustomBuild Include="dialogs\commentsdialog.ui">
      <Filter>Form Files</Filter>
    </CustomBuild>
    <CustomBuild Include="widgets\commentswidget.ui">
      <Filter>Form Files</Filter>
    </CustomBuild>
    <CustomBuild Include="widgets\consolewidget.ui">
      <Filter>Form Files</Filter>
    </CustomBuild>
    <CustomBuild Include="createnewdialog.ui">
      <Filter>Form Files</Filter>
    </CustomBuild>
    <CustomBuild Include="widgets\dashboard.ui">
      <Filter>Form Files</Filter>
    </CustomBuild>
    <CustomBuild Include="widgets\entrypointwidget.ui">
      <Filter>Form Files</Filter>
    </CustomBuild>
    <CustomBuild Include="widgets\exportswidget.ui">
      <Filter>Form Files</Filter>
    </CustomBuild>
    <CustomBuild Include="dialogs\flagdialog.ui">
      <Filter>Form Files</Filter>
    </CustomBuild>
    <CustomBuild Include="widgets\flagswidget.ui">
      <Filter>Form Files</Filter>
    </CustomBuild>
    <CustomBuild Include="widgets\functionswidget.ui">
      <Filter>Form Files</Filter>
    </CustomBuild>
    <CustomBuild Include="widgets\importswidget.ui">
      <Filter>Form Files</Filter>
    </CustomBuild>
    <CustomBuild Include="mainwindow.ui">
      <Filter>Form Files</Filter>
    </CustomBuild>
    <CustomBuild Include="widgets\memorywidget.ui">
      <Filter>Form Files</Filter>
    </CustomBuild>
    <CustomBuild Include="newfiledialog.ui">
      <Filter>Form Files</Filter>
    </CustomBuild>
    <CustomBuild Include="widgets\notepad.ui">
      <Filter>Form Files</Filter>
    </CustomBuild>
    <CustomBuild Include="optionsdialog.ui">
      <Filter>Form Files</Filter>
    </CustomBuild>
    <CustomBuild Include="widgets\relocswidget.ui">
      <Filter>Form Files</Filter>
    </CustomBuild>
    <CustomBuild Include="dialogs\renamedialog.ui">
      <Filter>Form Files</Filter>
    </CustomBuild>
    <CustomBuild Include="widgets\sdbdock.ui">
      <Filter>Form Files</Filter>
    </CustomBuild>
    <CustomBuild Include="widgets\sectionsdock.ui">
      <Filter>Form Files</Filter>
    </CustomBuild>
    <CustomBuild Include="widgets\sidebar.ui">
      <Filter>Form Files</Filter>
    </CustomBuild>
    <CustomBuild Include="widgets\stringswidget.ui">
      <Filter>Form Files</Filter>
    </CustomBuild>
    <CustomBuild Include="widgets\symbolswidget.ui">
      <Filter>Form Files</Filter>
    </CustomBuild>
    <CustomBuild Include="dialogs\xrefsdialog.ui">
      <Filter>Form Files</Filter>
    </CustomBuild>
  </ItemGroup>
  <ItemGroup>
    <None Include="fonts\Anonymous">
      <Filter>Resource Files</Filter>
    </None>
    <None Include="html\Chart.js">
      <Filter>Resource Files</Filter>
    </None>
    <None Include="fonts\Inconsolata-Regular.ttf">
      <Filter>Resource Files</Filter>
    </None>
    <None Include="Pro.ttf">
      <Filter>Resource Files</Filter>
    </None>
    <None Include="img\icons\arrow_left.svg">
      <Filter>Resource Files</Filter>
    </None>
    <None Include="img\icons\arrow_right.svg">
      <Filter>Resource Files</Filter>
    </None>
    <None Include="html\bar.html">
      <Filter>Resource Files</Filter>
    </None>
    <None Include="img\icons\clear_light.svg">
      <Filter>Resource Files</Filter>
    </None>
    <None Include="img\icons\cloud.svg">
      <Filter>Resource Files</Filter>
    </None>
    <None Include="img\icons\cloud_white.svg">
      <Filter>Resource Files</Filter>
    </None>
    <None Include="img\icons\cog.svg">
      <Filter>Resource Files</Filter>
    </None>
    <None Include="img\icons\cog_light.svg">
      <Filter>Resource Files</Filter>
    </None>
    <None Include="img\icons\cog_white.svg">
      <Filter>Resource Files</Filter>
    </None>
    <None Include="img\icons\disas_light.svg">
      <Filter>Resource Files</Filter>
    </None>
    <None Include="img\icons\disas_white.svg">
      <Filter>Resource Files</Filter>
    </None>
    <None Include="html\graph\lib\js\disasm.js">
      <Filter>Resource Files</Filter>
    </None>
    <None Include="img\icons\down.svg">
      <Filter>Resource Files</Filter>
    </None>
    <None Include="img\icons\down_white.svg">
      <Filter>Resource Files</Filter>
    </None>
    <None Include="img\icons\edit_light.svg">
      <Filter>Resource Files</Filter>
    </None>
    <None Include="img\icons\equalizer.svg">
      <Filter>Resource Files</Filter>
    </None>
    <None Include="img\icons\eye.svg">
      <Filter>Resource Files</Filter>
    </None>
    <None Include="img\icons\eye_white.svg">
      <Filter>Resource Files</Filter>
    </None>
    <None Include="html\fcn_graph.html">
      <Filter>Resource Files</Filter>
    </None>
    <None Include="html\fcn_radar.html">
      <Filter>Resource Files</Filter>
    </None>
    <None Include="html\graph\lib\css\graph.css">
      <Filter>Resource Files</Filter>
    </None>
    <None Include="html\graph.html">
      <Filter>Resource Files</Filter>
    </None>
    <None Include="html\graph\lib\css\graph_dark.css">
      <Filter>Resource Files</Filter>
    </None>
    <None Include="html\graph\lib\css\graph_light.css">
      <Filter>Resource Files</Filter>
    </None>
    <None Include="img\icons\graph_light.svg">
      <Filter>Resource Files</Filter>
    </None>
    <None Include="html\graph\lib\js\graph_panel.js">
      <Filter>Resource Files</Filter>
    </None>
    <None Include="img\icons\graph_white.svg">
      <Filter>Resource Files</Filter>
    </None>
    <None Include="img\icons\help.svg">
      <Filter>Resource Files</Filter>
    </None>
    <None Include="img\icons\hexdump_light.svg">
      <Filter>Resource Files</Filter>
    </None>
    <None Include="img\icons\hexdump_white.svg">
      <Filter>Resource Files</Filter>
    </None>
    <None Include="img\icons\import_light.svg">
      <Filter>Resource Files</Filter>
    </None>
    <None Include="html\graph\index.html">
      <Filter>Resource Files</Filter>
    </None>
    <None Include="html\graph\lib\js\joint.js">
      <Filter>Resource Files</Filter>
    </None>
    <None Include="html\graph\lib\js\joint.layout.DirectedGraph.js">
      <Filter>Resource Files</Filter>
    </None>
    <None Include="html\graph\lib\css\joint.min.css">
      <Filter>Resource Files</Filter>
    </None>
    <None Include="html\graph\lib\js\jquery-1.9.0.js">
      <Filter>Resource Files</Filter>
    </None>
    <None Include="img\icons\left_light.svg">
      <Filter>Resource Files</Filter>
    </None>
    <None Include="img\icons\load_light.svg">
      <Filter>Resource Files</Filter>
    </None>
    <None Include="img\icons\lock.svg">
      <Filter>Resource Files</Filter>
    </None>
    <None Include="img\icons\lock_white.svg">
      <Filter>Resource Files</Filter>
    </None>
    <None Include="img\logo-small-white.png">
      <Filter>Resource Files</Filter>
    </None>
    <None Include="img\logo-small.png">
      <Filter>Resource Files</Filter>
    </None>
    <None Include="img\logo2.png">
      <Filter>Resource Files</Filter>
    </None>
    <None Include="img\icons\new_light.svg">
      <Filter>Resource Files</Filter>
    </None>
    <None Include="img\icons\play.svg">
      <Filter>Resource Files</Filter>
    </None>
    <None Include="img\icons\plus.svg">
      <Filter>Resource Files</Filter>
    </None>
    <None Include="img\icons\polar_light.svg">
      <Filter>Resource Files</Filter>
    </None>
    <None Include="img\icons\polar_white.svg">
      <Filter>Resource Files</Filter>
    </None>
    <None Include="html\graph\lib\js\r2.js">
      <Filter>Resource Files</Filter>
    </None>
    <None Include="img\r2.svg">
      <Filter>Resource Files</Filter>
    </None>
    <None Include="html\graph\lib\js\r2ui.js">
      <Filter>Resource Files</Filter>
    </None>
    <None Include="html\radar.html">
      <Filter>Resource Files</Filter>
    </None>
    <None Include="img\icons\radar_light.svg">
      <Filter>Resource Files</Filter>
    </None>
    <None Include="img\icons\radar_white.svg">
      <Filter>Resource Files</Filter>
    </None>
    <None Include="img\icons\redo.svg">
      <Filter>Resource Files</Filter>
    </None>
    <CustomBuild Include="resources.qrc">
      <Filter>Resource Files</Filter>
    </CustomBuild>
    <None Include="img\icons\right_light.svg">
      <Filter>Resource Files</Filter>
    </None>
    <None Include="img\icons\run_light.svg">
      <Filter>Resource Files</Filter>
    </None>
    <None Include="img\icons\save_light.svg">
      <Filter>Resource Files</Filter>
    </None>
    <None Include="img\icons\sidebar.svg">
      <Filter>Resource Files</Filter>
    </None>
    <None Include="img\icons\spin.svg">
      <Filter>Resource Files</Filter>
    </None>
    <None Include="img\icons\spin_light.svg">
      <Filter>Resource Files</Filter>
    </None>
    <None Include="img\icons\spin_white.svg">
      <Filter>Resource Files</Filter>
    </None>
    <None Include="html\stats.html">
      <Filter>Resource Files</Filter>
    </None>
    <None Include="img\icons\tabs.svg">
      <Filter>Resource Files</Filter>
    </None>
    <None Include="img\icons\tabs_white.svg">
      <Filter>Resource Files</Filter>
    </None>
    <None Include="img\icons\target.svg">
      <Filter>Resource Files</Filter>
    </None>
    <None Include="img\icons\themes.svg">
      <Filter>Resource Files</Filter>
    </None>
    <None Include="img\icons\themes_white.svg">
      <Filter>Resource Files</Filter>
    </None>
    <None Include="img\icons\transfer.svg">
      <Filter>Resource Files</Filter>
    </None>
    <None Include="img\icons\transfer_white.svg">
      <Filter>Resource Files</Filter>
    </None>
    <None Include="img\icons\trash_light.svg">
      <Filter>Resource Files</Filter>
    </None>
    <None Include="img\icons\undo.svg">
      <Filter>Resource Files</Filter>
    </None>
    <None Include="img\icons\unlock.svg">
      <Filter>Resource Files</Filter>
    </None>
    <None Include="img\icons\unlock_white.svg">
      <Filter>Resource Files</Filter>
    </None>
    <None Include="img\icons\up.svg">
      <Filter>Resource Files</Filter>
    </None>
    <None Include="img\icons\up_white.svg">
      <Filter>Resource Files</Filter>
    </None>
    <None Include="html\utils.js">
      <Filter>Resource Files</Filter>
    </None>
    <None Include="html\viz.js">
      <Filter>Resource Files</Filter>
    </None>
  </ItemGroup>
  <ItemGroup>
    <None Include="iaito.astylerc">
      <Filter>Distribution Files</Filter>
    </None>
  </ItemGroup>
  <ItemGroup>
    <ResourceCompile Include="C:\Users\Administrator\Documents\GitHub\iaito\src\iaito_resource.rc" />
  </ItemGroup>
  <ItemGroup>
    <ClInclude Include="GeneratedFiles\ui_aboutdialog.h">
      <Filter>Generated Files</Filter>
    </ClInclude>
    <ClInclude Include="GeneratedFiles\ui_commentsdialog.h">
      <Filter>Generated Files</Filter>
    </ClInclude>
    <ClInclude Include="GeneratedFiles\ui_commentswidget.h">
      <Filter>Generated Files</Filter>
    </ClInclude>
    <ClInclude Include="GeneratedFiles\ui_consolewidget.h">
      <Filter>Generated Files</Filter>
    </ClInclude>
    <ClInclude Include="GeneratedFiles\ui_createnewdialog.h">
      <Filter>Generated Files</Filter>
    </ClInclude>
    <ClInclude Include="GeneratedFiles\ui_dashboard.h">
      <Filter>Generated Files</Filter>
    </ClInclude>
    <ClInclude Include="GeneratedFiles\ui_entrypointwidget.h">
      <Filter>Generated Files</Filter>
    </ClInclude>
    <ClInclude Include="GeneratedFiles\ui_exportswidget.h">
      <Filter>Generated Files</Filter>
    </ClInclude>
    <ClInclude Include="GeneratedFiles\ui_flagdialog.h">
      <Filter>Generated Files</Filter>
    </ClInclude>
    <ClInclude Include="GeneratedFiles\ui_flagswidget.h">
      <Filter>Generated Files</Filter>
    </ClInclude>
    <ClInclude Include="GeneratedFiles\ui_functionswidget.h">
      <Filter>Generated Files</Filter>
    </ClInclude>
    <ClInclude Include="GeneratedFiles\ui_importswidget.h">
      <Filter>Generated Files</Filter>
    </ClInclude>
    <ClInclude Include="GeneratedFiles\ui_mainwindow.h">
      <Filter>Generated Files</Filter>
    </ClInclude>
    <ClInclude Include="GeneratedFiles\ui_memorywidget.h">
      <Filter>Generated Files</Filter>
    </ClInclude>
    <ClInclude Include="GeneratedFiles\ui_newfiledialog.h">
      <Filter>Generated Files</Filter>
    </ClInclude>
    <ClInclude Include="GeneratedFiles\ui_notepad.h">
      <Filter>Generated Files</Filter>
    </ClInclude>
    <ClInclude Include="GeneratedFiles\ui_optionsdialog.h">
      <Filter>Generated Files</Filter>
    </ClInclude>
    <ClInclude Include="GeneratedFiles\ui_relocswidget.h">
      <Filter>Generated Files</Filter>
    </ClInclude>
    <ClInclude Include="GeneratedFiles\ui_renamedialog.h">
      <Filter>Generated Files</Filter>
    </ClInclude>
    <ClInclude Include="GeneratedFiles\ui_sdbdock.h">
      <Filter>Generated Files</Filter>
    </ClInclude>
    <ClInclude Include="GeneratedFiles\ui_sectionsdock.h">
      <Filter>Generated Files</Filter>
    </ClInclude>
    <ClInclude Include="GeneratedFiles\ui_sidebar.h">
      <Filter>Generated Files</Filter>
    </ClInclude>
    <ClInclude Include="GeneratedFiles\ui_stringswidget.h">
      <Filter>Generated Files</Filter>
    </ClInclude>
    <ClInclude Include="GeneratedFiles\ui_symbolswidget.h">
      <Filter>Generated Files</Filter>
    </ClInclude>
    <ClInclude Include="GeneratedFiles\ui_xrefsdialog.h">
      <Filter>Generated Files</Filter>
    </ClInclude>
  </ItemGroup>
  <ItemGroup>
    <Font Include="fonts\Anonymous Pro.ttf">
      <Filter>Resource Files</Filter>
    </Font>
  </ItemGroup>
</Project>